
Microsoft Visual Studio Solution File, Format Version 12.00
# Visual Studio Version 16
VisualStudioVersion = 16.0.29509.3
MinimumVisualStudioVersion = 10.0.40219.1
Project("{FAE04EC0-301F-11D3-BF4B-00C04F79EFBC}") = "Vijesti", "Vijesti.csproj", "{E874A1BF-D7C4-40A0-B2C1-C75A952C8B49}"
EndProject
Global
	GlobalSection(SolutionConfigurationPlatforms) = preSolution
		Debug|Any CPU = Debug|Any CPU
		Release|Any CPU = Release|Any CPU
	EndGlobalSection
	GlobalSection(ProjectConfigurationPlatforms) = postSolution
		{E874A1BF-D7C4-40A0-B2C1-C75A952C8B49}.Debug|Any CPU.ActiveCfg = Debug|Any CPU
		{E874A1BF-D7C4-40A0-B2C1-C75A952C8B49}.Debug|Any CPU.Build.0 = Debug|Any CPU
		{E874A1BF-D7C4-40A0-B2C1-C75A952C8B49}.Release|Any CPU.ActiveCfg = Release|Any CPU
		{E874A1BF-D7C4-40A0-B2C1-C75A952C8B49}.Release|Any CPU.Build.0 = Release|Any CPU
	EndGlobalSection
	GlobalSection(SolutionProperties) = preSolution
		HideSolutionNode = FALSE
	EndGlobalSection
	GlobalSection(ExtensibilityGlobals) = postSolution
		SolutionGuid = {3ACF432A-8699-4F7E-ACEB-29F3F8E623B0}
	EndGlobalSection
EndGlobal
